
Microsoft Visual Studio Solution File, Format Version 12.00
# Visual Studio 14
VisualStudioVersion = 14.0.25420.1
MinimumVisualStudioVersion = 10.0.40219.1
Project("{FAE04EC0-301F-11D3-BF4B-00C04F79EFBC}") = "Versatile_Staffing_Solutions", "Versatile_Staffing_Solutions\Versatile_Staffing_Solutions.csproj", "{34E91792-A2F0-4FC1-BE47-83B051577962}"
EndProject
Global
	GlobalSection(SolutionConfigurationPlatforms) = preSolution
		Debug|Any CPU = Debug|Any CPU
		Release|Any CPU = Release|Any CPU
	EndGlobalSection
	GlobalSection(ProjectConfigurationPlatforms) = postSolution
		{34E91792-A2F0-4FC1-BE47-83B051577962}.Debug|Any CPU.ActiveCfg = Debug|Any CPU
		{34E91792-A2F0-4FC1-BE47-83B051577962}.Debug|Any CPU.Build.0 = Debug|Any CPU
		{34E91792-A2F0-4FC1-BE47-83B051577962}.Release|Any CPU.ActiveCfg = Release|Any CPU
		{34E91792-A2F0-4FC1-BE47-83B051577962}.Release|Any CPU.Build.0 = Release|Any CPU
	EndGlobalSection
	GlobalSection(SolutionProperties) = preSolution
		HideSolutionNode = FALSE
	EndGlobalSection
EndGlobal
